# THIS IS AN AUTOGENERATED FILE. DO NOT EDIT THIS FILE DIRECTLY.
# yarn lockfile v1


malta@^4.0.5:
  version "4.0.6"
  resolved "https://registry.yarnpkg.com/malta/-/malta-4.0.6.tgz#5c1ae755a525267d72c64bb0e60476810e0ea450"
  integrity sha512-v2IXUTeTEcAS9KCj94HBO28kmPM5tgAkO53SxnFBV0MrBAzNkPDDXE7xNxhupvARVroxYMdP8qPbVT1zkLjLyQ==
